%{"calliope": {:hex, :calliope, "0.3.0"},
  "cowboy": {:hex, :cowboy, "1.0.3"},
  "cowlib": {:hex, :cowlib, "1.0.1"},
  "hackney": {:hex, :hackney, "1.3.2"},
  "httpoison": {:hex, :httpoison, "0.7.4"},
  "idna": {:hex, :idna, "1.0.2"},
  "plug": {:hex, :plug, "1.0.2"},
  "plug_heartbeat": {:hex, :plug_heartbeat, "0.2.0"},
  "poison": {:hex, :poison, "1.5.0"},
  "ranch": {:hex, :ranch, "1.1.0"},
  "ssl_verify_hostname": {:hex, :ssl_verify_hostname, "1.0.5"},
  "trot": {:git, "https://github.com/hexedpackets/trot.git", "299027ec29ba7840a27f4eecf2b95a2bf45a73de", []}}
